{
  "name": "kugiri-isolated-spike",
  "version": "0.1.0",
  "lockfileVersion": 3,
  "requires": true,
  "packages": {
    "": {
      "name": "kugiri-isolated-spike",
      "version": "0.1.0",
      "dependencies": {
        "kugiri": "0.4.0"
      }
    },
    "node_modules/kugiri": {
      "version": "0.4.0",
      "resolved": "https://registry.npmmirror.com/kugiri/-/kugiri-0.4.0.tgz",
      "integrity": "sha512-udj7jbFJwdIbcnDp3RdNuKVyLRrX6DFGH5ZT0hyakbhvkdO2XcYuEBw26x9e2KoKyjZpfzR3E66fq+c/r6qFAw==",
      "license": "MIT",
      "engines": {
        "node": ">=20"
      }
    }
  }
}
